
Microsoft Visual Studio Solution File, Format Version 12.00
# Visual Studio 15
VisualStudioVersion = 15.0.26430.12
MinimumVisualStudioVersion = 10.0.40219.1
Project("{FAE04EC0-301F-11D3-BF4B-00C04F79EFBC}") = "Pluride.App.Android", "Pluride.App\Pluride.App.Android\Pluride.App.Android.csproj", "{F318B68A-AE0D-4DCD-809A-2BD187652E1B}"
EndProject
Project("{FAE04EC0-301F-11D3-BF4B-00C04F79EFBC}") = "Pluride.App.iOS", "Pluride.App\Pluride.App.iOS\Pluride.App.iOS.csproj", "{3659295D-3E5A-4DE0-8F03-23E79F764697}"
EndProject
Project("{FAE04EC0-301F-11D3-BF4B-00C04F79EFBC}") = "Pluride.App.UWP", "Pluride.App\Pluride.App.UWP\Pluride.App.UWP.csproj", "{83673EFA-7E6E-471E-9904-695534158EEC}"
EndProject
Project("{9A19103F-16F7-4668-BE54-9A1E7A4F7556}") = "Pluride.App.Portable", "Pluride.App\Pluride.Portable\Pluride.App.Portable.csproj", "{F6F9EDF6-8692-4157-9BA5-C102CFCF4F49}"
EndProject
Global
	GlobalSection(SolutionConfigurationPlatforms) = preSolution
		Debug|Any CPU = Debug|Any CPU
		Debug|ARM = Debug|ARM
		Debug|iPhone = Debug|iPhone
		Debug|iPhoneSimulator = Debug|iPhoneSimulator
		Debug|x64 = Debug|x64
		Debug|x86 = Debug|x86
		Release|Any CPU = Release|Any CPU
		Release|ARM = Release|ARM
		Release|iPhone = Release|iPhone
		Release|iPhoneSimulator = Release|iPhoneSimulator
		Release|x64 = Release|x64
		Release|x86 = Release|x86
	EndGlobalSection
	GlobalSection(ProjectConfigurationPlatforms) = postSolution
		{F318B68A-AE0D-4DCD-809A-2BD187652E1B}.Debug|Any CPU.ActiveCfg = Debug|Any CPU
		{F318B68A-AE0D-4DCD-809A-2BD187652E1B}.Debug|Any CPU.Build.0 = Debug|Any CPU
		{F318B68A-AE0D-4DCD-809A-2BD187652E1B}.Debug|Any CPU.Deploy.0 = Debug|Any CPU
		{F318B68A-AE0D-4DCD-809A-2BD187652E1B}.Debug|ARM.ActiveCfg = Debug|Any CPU
		{F318B68A-AE0D-4DCD-809A-2BD187652E1B}.Debug|ARM.Build.0 = Debug|Any CPU
		{F318B68A-AE0D-4DCD-809A-2BD187652E1B}.Debug|ARM.Deploy.0 = Debug|Any CPU
		{F318B68A-AE0D-4DCD-809A-2BD187652E1B}.Debug|iPhone.ActiveCfg = Debug|Any CPU
		{F318B68A-AE0D-4DCD-809A-2BD187652E1B}.Debug|iPhone.Build.0 = Debug|Any CPU
		{F318B68A-AE0D-4DCD-809A-2BD187652E1B}.Debug|iPhone.Deploy.0 = Debug|Any CPU
		{F318B68A-AE0D-4DCD-809A-2BD187652E1B}.Debug|iPhoneSimulator.ActiveCfg = Debug|Any CPU
		{F318B68A-AE0D-4DCD-809A-2BD187652E1B}.Debug|iPhoneSimulator.Build.0 = Debug|Any CPU
		{F318B68A-AE0D-4DCD-809A-2BD187652E1B}.Debug|iPhoneSimulator.Deploy.0 = Debug|Any CPU
		{F318B68A-AE0D-4DCD-809A-2BD187652E1B}.Debug|x64.ActiveCfg = Debug|Any CPU
		{F318B68A-AE0D-4DCD-809A-2BD187652E1B}.Debug|x64.Build.0 = Debug|Any CPU
		{F318B68A-AE0D-4DCD-809A-2BD187652E1B}.Debug|x64.Deploy.0 = Debug|Any CPU
		{F318B68A-AE0D-4DCD-809A-2BD187652E1B}.Debug|x86.ActiveCfg = Debug|Any CPU
		{F318B68A-AE0D-4DCD-809A-2BD187652E1B}.Debug|x86.Build.0 = Debug|Any CPU
		{F318B68A-AE0D-4DCD-809A-2BD187652E1B}.Debug|x86.Deploy.0 = Debug|Any CPU
		{F318B68A-AE0D-4DCD-809A-2BD187652E1B}.Release|Any CPU.ActiveCfg = Release|Any CPU
		{F318B68A-AE0D-4DCD-809A-2BD187652E1B}.Release|Any CPU.Build.0 = Release|Any CPU
		{F318B68A-AE0D-4DCD-809A-2BD187652E1B}.Release|Any CPU.Deploy.0 = Release|Any CPU
		{F318B68A-AE0D-4DCD-809A-2BD187652E1B}.Release|ARM.ActiveCfg = Release|Any CPU
		{F318B68A-AE0D-4DCD-809A-2BD187652E1B}.Release|ARM.Build.0 = Release|Any CPU
		{F318B68A-AE0D-4DCD-809A-2BD187652E1B}.Release|ARM.Deploy.0 = Release|Any CPU
		{F318B68A-AE0D-4DCD-809A-2BD187652E1B}.Release|iPhone.ActiveCfg = Release|Any CPU
		{F318B68A-AE0D-4DCD-809A-2BD187652E1B}.Release|iPhone.Build.0 = Release|Any CPU
		{F318B68A-AE0D-4DCD-809A-2BD187652E1B}.Release|iPhone.Deploy.0 = Release|Any CPU
		{F318B68A-AE0D-4DCD-809A-2BD187652E1B}.Release|iPhoneSimulator.ActiveCfg = Release|Any CPU
		{F318B68A-AE0D-4DCD-809A-2BD187652E1B}.Release|iPhoneSimulator.Build.0 = Release|Any CPU
		{F318B68A-AE0D-4DCD-809A-2BD187652E1B}.Release|iPhoneSimulator.Deploy.0 = Release|Any CPU
		{F318B68A-AE0D-4DCD-809A-2BD187652E1B}.Release|x64.ActiveCfg = Release|Any CPU
		{F318B68A-AE0D-4DCD-809A-2BD187652E1B}.Release|x64.Build.0 = Release|Any CPU
		{F318B68A-AE0D-4DCD-809A-2BD187652E1B}.Release|x64.Deploy.0 = Release|Any CPU
		{F318B68A-AE0D-4DCD-809A-2BD187652E1B}.Release|x86.ActiveCfg = Release|Any CPU
		{F318B68A-AE0D-4DCD-809A-2BD187652E1B}.Release|x86.Build.0 = Release|Any CPU
		{F318B68A-AE0D-4DCD-809A-2BD187652E1B}.Release|x86.Deploy.0 = Release|Any CPU
		{3659295D-3E5A-4DE0-8F03-23E79F764697}.Debug|Any CPU.ActiveCfg = Debug|iPhone
		{3659295D-3E5A-4DE0-8F03-23E79F764697}.Debug|ARM.ActiveCfg = Debug|iPhone
		{3659295D-3E5A-4DE0-8F03-23E79F764697}.Debug|iPhone.ActiveCfg = Debug|iPhone
		{3659295D-3E5A-4DE0-8F03-23E79F764697}.Debug|iPhone.Build.0 = Debug|iPhone
		{3659295D-3E5A-4DE0-8F03-23E79F764697}.Debug|iPhoneSimulator.ActiveCfg = Debug|iPhoneSimulator
		{3659295D-3E5A-4DE0-8F03-23E79F764697}.Debug|iPhoneSimulator.Build.0 = Debug|iPhoneSimulator
		{3659295D-3E5A-4DE0-8F03-23E79F764697}.Debug|x64.ActiveCfg = Debug|iPhone
		{3659295D-3E5A-4DE0-8F03-23E79F764697}.Debug|x86.ActiveCfg = Debug|iPhone
		{3659295D-3E5A-4DE0-8F03-23E79F764697}.Release|Any CPU.ActiveCfg = Release|iPhone
		{3659295D-3E5A-4DE0-8F03-23E79F764697}.Release|ARM.ActiveCfg = Release|iPhone
		{3659295D-3E5A-4DE0-8F03-23E79F764697}.Release|iPhone.ActiveCfg = Release|iPhone
		{3659295D-3E5A-4DE0-8F03-23E79F764697}.Release|iPhone.Build.0 = Release|iPhone
		{3659295D-3E5A-4DE0-8F03-23E79F764697}.Release|iPhoneSimulator.ActiveCfg = Release|iPhoneSimulator
		{3659295D-3E5A-4DE0-8F03-23E79F764697}.Release|iPhoneSimulator.Build.0 = Release|iPhoneSimulator
		{3659295D-3E5A-4DE0-8F03-23E79F764697}.Release|x64.ActiveCfg = Release|iPhone
		{3659295D-3E5A-4DE0-8F03-23E79F764697}.Release|x86.ActiveCfg = Release|iPhone
		{83673EFA-7E6E-471E-9904-695534158EEC}.Debug|Any CPU.ActiveCfg = Debug|x86
		{83673EFA-7E6E-471E-9904-695534158EEC}.Debug|ARM.ActiveCfg = Debug|ARM
		{83673EFA-7E6E-471E-9904-695534158EEC}.Debug|ARM.Build.0 = Debug|ARM
		{83673EFA-7E6E-471E-9904-695534158EEC}.Debug|ARM.Deploy.0 = Debug|ARM
		{83673EFA-7E6E-471E-9904-695534158EEC}.Debug|iPhone.ActiveCfg = Debug|x86
		{83673EFA-7E6E-471E-9904-695534158EEC}.Debug|iPhoneSimulator.ActiveCfg = Debug|x86
		{83673EFA-7E6E-471E-9904-695534158EEC}.Debug|x64.ActiveCfg = Debug|x64
		{83673EFA-7E6E-471E-9904-695534158EEC}.Debug|x64.Build.0 = Debug|x64
		{83673EFA-7E6E-471E-9904-695534158EEC}.Debug|x64.Deploy.0 = Debug|x64
		{83673EFA-7E6E-471E-9904-695534158EEC}.Debug|x86.ActiveCfg = Debug|x86
		{83673EFA-7E6E-471E-9904-695534158EEC}.Debug|x86.Build.0 = Debug|x86
		{83673EFA-7E6E-471E-9904-695534158EEC}.Debug|x86.Deploy.0 = Debug|x86
		{83673EFA-7E6E-471E-9904-695534158EEC}.Release|Any CPU.ActiveCfg = Release|x86
		{83673EFA-7E6E-471E-9904-695534158EEC}.Release|ARM.ActiveCfg = Release|ARM
		{83673EFA-7E6E-471E-9904-695534158EEC}.Release|ARM.Build.0 = Release|ARM
		{83673EFA-7E6E-471E-9904-695534158EEC}.Release|ARM.Deploy.0 = Release|ARM
		{83673EFA-7E6E-471E-9904-695534158EEC}.Release|iPhone.ActiveCfg = Release|x86
		{83673EFA-7E6E-471E-9904-695534158EEC}.Release|iPhoneSimulator.ActiveCfg = Release|x86
		{83673EFA-7E6E-471E-9904-695534158EEC}.Release|x64.ActiveCfg = Release|x64
		{83673EFA-7E6E-471E-9904-695534158EEC}.Release|x64.Build.0 = Release|x64
		{83673EFA-7E6E-471E-9904-695534158EEC}.Release|x64.Deploy.0 = Release|x64
		{83673EFA-7E6E-471E-9904-695534158EEC}.Release|x86.ActiveCfg = Release|x86
		{83673EFA-7E6E-471E-9904-695534158EEC}.Release|x86.Build.0 = Release|x86
		{83673EFA-7E6E-471E-9904-695534158EEC}.Release|x86.Deploy.0 = Release|x86
		{F6F9EDF6-8692-4157-9BA5-C102CFCF4F49}.Debug|Any CPU.ActiveCfg = Debug|Any CPU
		{F6F9EDF6-8692-4157-9BA5-C102CFCF4F49}.Debug|Any CPU.Build.0 = Debug|Any CPU
		{F6F9EDF6-8692-4157-9BA5-C102CFCF4F49}.Debug|ARM.ActiveCfg = Debug|Any CPU
		{F6F9EDF6-8692-4157-9BA5-C102CFCF4F49}.Debug|ARM.Build.0 = Debug|Any CPU
		{F6F9EDF6-8692-4157-9BA5-C102CFCF4F49}.Debug|iPhone.ActiveCfg = Debug|Any CPU
		{F6F9EDF6-8692-4157-9BA5-C102CFCF4F49}.Debug|iPhone.Build.0 = Debug|Any CPU
		{F6F9EDF6-8692-4157-9BA5-C102CFCF4F49}.Debug|iPhoneSimulator.ActiveCfg = Debug|Any CPU
		{F6F9EDF6-8692-4157-9BA5-C102CFCF4F49}.Debug|iPhoneSimulator.Build.0 = Debug|Any CPU
		{F6F9EDF6-8692-4157-9BA5-C102CFCF4F49}.Debug|x64.ActiveCfg = Debug|Any CPU
		{F6F9EDF6-8692-4157-9BA5-C102CFCF4F49}.Debug|x64.Build.0 = Debug|Any CPU
		{F6F9EDF6-8692-4157-9BA5-C102CFCF4F49}.Debug|x86.ActiveCfg = Debug|Any CPU
		{F6F9EDF6-8692-4157-9BA5-C102CFCF4F49}.Debug|x86.Build.0 = Debug|Any CPU
		{F6F9EDF6-8692-4157-9BA5-C102CFCF4F49}.Release|Any CPU.ActiveCfg = Release|Any CPU
		{F6F9EDF6-8692-4157-9BA5-C102CFCF4F49}.Release|Any CPU.Build.0 = Release|Any CPU
		{F6F9EDF6-8692-4157-9BA5-C102CFCF4F49}.Release|ARM.ActiveCfg = Release|Any CPU
		{F6F9EDF6-8692-4157-9BA5-C102CFCF4F49}.Release|ARM.Build.0 = Release|Any CPU
		{F6F9EDF6-8692-4157-9BA5-C102CFCF4F49}.Release|iPhone.ActiveCfg = Release|Any CPU
		{F6F9EDF6-8692-4157-9BA5-C102CFCF4F49}.Release|iPhone.Build.0 = Release|Any CPU
		{F6F9EDF6-8692-4157-9BA5-C102CFCF4F49}.Release|iPhoneSimulator.ActiveCfg = Release|Any CPU
		{F6F9EDF6-8692-4157-9BA5-C102CFCF4F49}.Release|iPhoneSimulator.Build.0 = Release|Any CPU
		{F6F9EDF6-8692-4157-9BA5-C102CFCF4F49}.Release|x64.ActiveCfg = Release|Any CPU
		{F6F9EDF6-8692-4157-9BA5-C102CFCF4F49}.Release|x64.Build.0 = Release|Any CPU
		{F6F9EDF6-8692-4157-9BA5-C102CFCF4F49}.Release|x86.ActiveCfg = Release|Any CPU
		{F6F9EDF6-8692-4157-9BA5-C102CFCF4F49}.Release|x86.Build.0 = Release|Any CPU
	EndGlobalSection
	GlobalSection(SolutionProperties) = preSolution
		HideSolutionNode = FALSE
	EndGlobalSection
EndGlobal
